
Microsoft Visual Studio Solution File, Format Version 12.00
# Visual Studio Version 17
VisualStudioVersion = 17.3.32901.215
MinimumVisualStudioVersion = 10.0.40219.1
Project("{FAE04EC0-301F-11D3-BF4B-00C04F79EFBC}") = "Module 8 Task 1", "Module 8 Task 1\Module 8 Task 1.csproj", "{8F049991-37EA-41EF-B3A6-48E7FABC637F}"
EndProject
Global
	GlobalSection(SolutionConfigurationPlatforms) = preSolution
		Debug|Any CPU = Debug|Any CPU
		Release|Any CPU = Release|Any CPU
	EndGlobalSection
	GlobalSection(ProjectConfigurationPlatforms) = postSolution
		{8F049991-37EA-41EF-B3A6-48E7FABC637F}.Debug|Any CPU.ActiveCfg = Debug|Any CPU
		{8F049991-37EA-41EF-B3A6-48E7FABC637F}.Debug|Any CPU.Build.0 = Debug|Any CPU
		{8F049991-37EA-41EF-B3A6-48E7FABC637F}.Release|Any CPU.ActiveCfg = Release|Any CPU
		{8F049991-37EA-41EF-B3A6-48E7FABC637F}.Release|Any CPU.Build.0 = Release|Any CPU
	EndGlobalSection
	GlobalSection(SolutionProperties) = preSolution
		HideSolutionNode = FALSE
	EndGlobalSection
	GlobalSection(ExtensibilityGlobals) = postSolution
		SolutionGuid = {0F2AAECA-6396-4791-904A-A23246891C67}
	EndGlobalSection
EndGlobal
